PODS:
  - Flutter (1.0.0)
  - irondash_engine_context (0.0.1):
    - Flutter
  - open_filex (0.0.2):
    - Flutter
  - super_native_extensions (0.0.1):
    - Flutter
  - vibration (3.0.0):
    - Flutter

DEPENDENCIES:
  - Flutter (from `Flutter`)
  - irondash_engine_context (from `.symlinks/plugins/irondash_engine_context/ios`)
  - open_filex (from `.symlinks/plugins/open_filex/ios`)
  - super_native_extensions (from `.symlinks/plugins/super_native_extensions/ios`)
  - vibration (from `.symlinks/plugins/vibration/ios`)

EXTERNAL SOURCES:
  Flutter:
    :path: Flutter
  irondash_engine_context:
    :path: ".symlinks/plugins/irondash_engine_context/ios"
  open_filex:
    :path: ".symlinks/plugins/open_filex/ios"
  super_native_extensions:
    :path: ".symlinks/plugins/super_native_extensions/ios"
  vibration:
    :path: ".symlinks/plugins/vibration/ios"

SPEC CHECKSUMS:
  Flutter: cabc95a1d2626b1b06e7179b784ebcf0c0cde467
  irondash_engine_context: 8e58ca8e0212ee9d1c7dc6a42121849986c88486
  open_filex: 432f3cd11432da3e39f47fcc0df2b1603854eff1
  super_native_extensions: b763c02dc3a8fd078389f410bf15149179020cb4
  vibration: 69774ad57825b11c951ee4c46155f455d7a592ce

PODFILE CHECKSUM: 19eb893d1058e91426f1002a653c6ee992f634b3

COCOAPODS: 1.16.2
